// !$*UTF8*$!
{
	archiveVersion = 1;
	classes = {
	};
	objectVersion = 50;
	objects = {

/* Begin PBXBuildFile section */
		11EBCEB32427E0C20037E79D /* Storage.swift in Sources */ = {isa = PBXBuildFile; fileRef = 11EBCEB22427E0C20037E79D /* Storage.swift */; };
		11EBCEB52427E4500037E79D /* Constants.swift in Sources */ = {isa = PBXBuildFile; fileRef = 11EBCEB42427E4500037E79D /* Constants.swift */; };
		A943CD0E24270AD90029B6B3 /* AppDelegate.swift in Sources */ = {isa = PBXBuildFile; fileRef = A943CD0D24270AD90029B6B3 /* AppDelegate.swift */; };
		A943CD1224270AD90029B6B3 /* SplashViewController.swift in Sources */ = {isa = PBXBuildFile; fileRef = A943CD1124270AD90029B6B3 /* SplashViewController.swift */; };
		A943CD1524270AD90029B6B3 /* Main.storyboard in Resources */ = {isa = PBXBuildFile; fileRef = A943CD1324270AD90029B6B3 /* Main.storyboard */; };
		A943CD1724270ADC0029B6B3 /* Assets.xcassets in Resources */ = {isa = PBXBuildFile; fileRef = A943CD1624270ADC0029B6B3 /* Assets.xcassets */; };
		A943CD1A24270ADC0029B6B3 /* LaunchScreen.storyboard in Resources */ = {isa = PBXBuildFile; fileRef = A943CD1824270ADC0029B6B3 /* LaunchScreen.storyboard */; };
		A943CD30242727B30029B6B3 /* Localizable.strings in Resources */ = {isa = PBXBuildFile; fileRef = A943CD32242727B30029B6B3 /* Localizable.strings */; };
		A943CD3A2427288F0029B6B3 /* InfoPlist.strings in Resources */ = {isa = PBXBuildFile; fileRef = A943CD3C2427288F0029B6B3 /* InfoPlist.strings */; };
		A943CD40242728FF0029B6B3 /* String+Localized.swift in Sources */ = {isa = PBXBuildFile; fileRef = A943CD3F242728FF0029B6B3 /* String+Localized.swift */; };
		A943CD44242729720029B6B3 /* EmergencyContactModel.swift in Sources */ = {isa = PBXBuildFile; fileRef = A943CD43242729720029B6B3 /* EmergencyContactModel.swift */; };
		A943CD4624272A320029B6B3 /* Colors.xcassets in Resources */ = {isa = PBXBuildFile; fileRef = A943CD4524272A320029B6B3 /* Colors.xcassets */; };
		A943CD4824272AC30029B6B3 /* Colors.swift in Sources */ = {isa = PBXBuildFile; fileRef = A943CD4724272AC30029B6B3 /* Colors.swift */; };
		A98FEF732427C33A0020E7C0 /* Onboarding.storyboard in Resources */ = {isa = PBXBuildFile; fileRef = A98FEF752427C33A0020E7C0 /* Onboarding.storyboard */; };
		A98FEF812427C6340020E7C0 /* PageViewController.swift in Sources */ = {isa = PBXBuildFile; fileRef = A98FEF802427C6340020E7C0 /* PageViewController.swift */; };
		A98FEF832427C7010020E7C0 /* PageChangeProtocol.swift in Sources */ = {isa = PBXBuildFile; fileRef = A98FEF822427C7010020E7C0 /* PageChangeProtocol.swift */; };
		A98FEF892427C8950020E7C0 /* OnboardingPageContainerViewController.swift in Sources */ = {isa = PBXBuildFile; fileRef = A98FEF882427C8950020E7C0 /* OnboardingPageContainerViewController.swift */; };
		A98FEF8B2427CB060020E7C0 /* OnboardingPageContainerProtocol.swift in Sources */ = {isa = PBXBuildFile; fileRef = A98FEF8A2427CB060020E7C0 /* OnboardingPageContainerProtocol.swift */; };
		A98FEF8D2427CB110020E7C0 /* OnboardingPageContainerPresenter.swift in Sources */ = {isa = PBXBuildFile; fileRef = A98FEF8C2427CB110020E7C0 /* OnboardingPageContainerPresenter.swift */; };
		A98FEF8F2427CBCB0020E7C0 /* LoaderProtocol.swift in Sources */ = {isa = PBXBuildFile; fileRef = A98FEF8E2427CBCB0020E7C0 /* LoaderProtocol.swift */; };
		A98FEF922427CCD80020E7C0 /* APIManager.swift in Sources */ = {isa = PBXBuildFile; fileRef = A98FEF912427CCD80020E7C0 /* APIManager.swift */; };
		A98FEF942427D1D50020E7C0 /* OnboardingStep1ViewController.swift in Sources */ = {isa = PBXBuildFile; fileRef = A98FEF932427D1D50020E7C0 /* OnboardingStep1ViewController.swift */; };
		A98FEF962427D1E80020E7C0 /* OnboardingStep2ViewController.swift in Sources */ = {isa = PBXBuildFile; fileRef = A98FEF952427D1E80020E7C0 /* OnboardingStep2ViewController.swift */; };
		A98FEF982427D1FC0020E7C0 /* OnboardingStep3ViewController.swift in Sources */ = {isa = PBXBuildFile; fileRef = A98FEF972427D1FC0020E7C0 /* OnboardingStep3ViewController.swift */; };
		A98FEF9B242807530020E7C0 /* Splash.storyboard in Resources */ = {isa = PBXBuildFile; fileRef = A98FEF9A242807530020E7C0 /* Splash.storyboard */; };
		A98FEF9D242807D80020E7C0 /* SplashPresenter.swift in Sources */ = {isa = PBXBuildFile; fileRef = A98FEF9C242807D80020E7C0 /* SplashPresenter.swift */; };
		A98FEF9F242807ED0020E7C0 /* SplashProtocol.swift in Sources */ = {isa = PBXBuildFile; fileRef = A98FEF9E242807ED0020E7C0 /* SplashProtocol.swift */; };
		A9C5BF3F24285C0700562CF3 /* Home.storyboard in Resources */ = {isa = PBXBuildFile; fileRef = A9C5BF3E24285C0700562CF3 /* Home.storyboard */; };
		A9C5BF4124285C3500562CF3 /* EmergencyContact.storyboard in Resources */ = {isa = PBXBuildFile; fileRef = A9C5BF4024285C3500562CF3 /* EmergencyContact.storyboard */; };
		A9C5BF4324285C5B00562CF3 /* Login.storyboard in Resources */ = {isa = PBXBuildFile; fileRef = A9C5BF4224285C5B00562CF3 /* Login.storyboard */; };
		A9C5BF4524285CB300562CF3 /* Stats.storyboard in Resources */ = {isa = PBXBuildFile; fileRef = A9C5BF4424285CB300562CF3 /* Stats.storyboard */; };
		A9C5BF4724285CC400562CF3 /* Profile.storyboard in Resources */ = {isa = PBXBuildFile; fileRef = A9C5BF4624285CC400562CF3 /* Profile.storyboard */; };
		A9C5BF4924285F6000562CF3 /* MainTabBarViewController.swift in Sources */ = {isa = PBXBuildFile; fileRef = A9C5BF4824285F6000562CF3 /* MainTabBarViewController.swift */; };
		A9C5BF4C2428699900562CF3 /* EmergencyContactsViewController.swift in Sources */ = {isa = PBXBuildFile; fileRef = A9C5BF4B2428699900562CF3 /* EmergencyContactsViewController.swift */; };
		A9C5BF4E242869A400562CF3 /* EmergencyContactsPresenter.swift in Sources */ = {isa = PBXBuildFile; fileRef = A9C5BF4D242869A400562CF3 /* EmergencyContactsPresenter.swift */; };
		A9C5BF50242869B300562CF3 /* EmergencyContactsProtocol.swift in Sources */ = {isa = PBXBuildFile; fileRef = A9C5BF4F242869B300562CF3 /* EmergencyContactsProtocol.swift */; };
		A9C5BF5424286D5F00562CF3 /* EmergencyContactCell.swift in Sources */ = {isa = PBXBuildFile; fileRef = A9C5BF5224286D5F00562CF3 /* EmergencyContactCell.swift */; };
		A9C5BF5524286D5F00562CF3 /* EmergencyContactCell.xib in Resources */ = {isa = PBXBuildFile; fileRef = A9C5BF5324286D5F00562CF3 /* EmergencyContactCell.xib */; };
		A9C5BF5724287AD400562CF3 /* UIView+Layer.swift in Sources */ = {isa = PBXBuildFile; fileRef = A9C5BF5624287AD400562CF3 /* UIView+Layer.swift */; };
		A9E740FF2427BF7A00C18748 /* UIFont+CustomFont.swift in Sources */ = {isa = PBXBuildFile; fileRef = A9E740FE2427BF7A00C18748 /* UIFont+CustomFont.swift */; };
		A9ED1561242AC54D00831E9A /* FAQ.storyboard in Resources */ = {isa = PBXBuildFile; fileRef = A9ED1560242AC54D00831E9A /* FAQ.storyboard */; };
		A9ED1567242ACC1400831E9A /* FAQPageContainerViewController.swift in Sources */ = {isa = PBXBuildFile; fileRef = A9ED1566242ACC1400831E9A /* FAQPageContainerViewController.swift */; };
		A9ED1569242ACCBE00831E9A /* FAQPageContainerPresenter.swift in Sources */ = {isa = PBXBuildFile; fileRef = A9ED1568242ACCBE00831E9A /* FAQPageContainerPresenter.swift */; };
		A9ED156B242ACCC900831E9A /* FAQPageContainerProtocol.swift in Sources */ = {isa = PBXBuildFile; fileRef = A9ED156A242ACCC900831E9A /* FAQPageContainerProtocol.swift */; };
		A9ED156D242ACF9D00831E9A /* FAQCommunicationsViewController.swift in Sources */ = {isa = PBXBuildFile; fileRef = A9ED156C242ACF9D00831E9A /* FAQCommunicationsViewController.swift */; };
		A9ED156F242ACFA900831E9A /* FAQCommunicationsProtocol.swift in Sources */ = {isa = PBXBuildFile; fileRef = A9ED156E242ACFA900831E9A /* FAQCommunicationsProtocol.swift */; };
		A9ED1571242ACFB300831E9A /* FAQCommunicationsPresenter.swift in Sources */ = {isa = PBXBuildFile; fileRef = A9ED1570242ACFB300831E9A /* FAQCommunicationsPresenter.swift */; };
		A9ED1573242ACFC800831E9A /* FAQRecommendationsViewController.swift in Sources */ = {isa = PBXBuildFile; fileRef = A9ED1572242ACFC800831E9A /* FAQRecommendationsViewController.swift */; };
		A9ED1575242ACFD300831E9A /* FAQRecommendationsProtocol.swift in Sources */ = {isa = PBXBuildFile; fileRef = A9ED1574242ACFD300831E9A /* FAQRecommendationsProtocol.swift */; };
		A9ED1577242ACFDD00831E9A /* FAQRecommendationsPresenter.swift in Sources */ = {isa = PBXBuildFile; fileRef = A9ED1576242ACFDD00831E9A /* FAQRecommendationsPresenter.swift */; };
		A9ED157B242AD69600831E9A /* Futura-Bold.ttf in Resources */ = {isa = PBXBuildFile; fileRef = A9ED1579242AD68500831E9A /* Futura-Bold.ttf */; };
		A9ED157C242AD69900831E9A /* Futura-Medium.ttf in Resources */ = {isa = PBXBuildFile; fileRef = A9ED157A242AD68500831E9A /* Futura-Medium.ttf */; };
		A9ED1583242AD76200831E9A /* Roboto-Black.ttf in Resources */ = {isa = PBXBuildFile; fileRef = A9ED1580242AD71700831E9A /* Roboto-Black.ttf */; };
		A9ED1584242AD76500831E9A /* Roboto-Italic.ttf in Resources */ = {isa = PBXBuildFile; fileRef = A9ED157E242AD71600831E9A /* Roboto-Italic.ttf */; };
		A9ED1585242AD76800831E9A /* Roboto-Light.ttf in Resources */ = {isa = PBXBuildFile; fileRef = A9ED1581242AD71700831E9A /* Roboto-Light.ttf */; };
		A9ED1586242AD76B00831E9A /* Roboto-Medium.ttf in Resources */ = {isa = PBXBuildFile; fileRef = A9ED1582242AD71700831E9A /* Roboto-Medium.ttf */; };
		A9ED1587242AD76F00831E9A /* Roboto-Regular.ttf in Resources */ = {isa = PBXBuildFile; fileRef = A9ED157D242AD71600831E9A /* Roboto-Regular.ttf */; };
		A9ED1588242AD77100831E9A /* Roboto-Thin.ttf in Resources */ = {isa = PBXBuildFile; fileRef = A9ED157F242AD71600831E9A /* Roboto-Thin.ttf */; };
		F35BD312BABAA091EC4A33CE /* Pods_gt_first.framework in Frameworks */ = {isa = PBXBuildFile; fileRef = C7D168D0D1AE28EFCD56B461 /* Pods_gt_first.framework */; };
/* End PBXBuildFile section */

/* Begin PBXFileReference section */
		11EBCEB22427E0C20037E79D /* Storage.swift */ = {isa = PBXFileReference; lastKnownFileType = sourcecode.swift; path = Storage.swift; sourceTree = "<group>"; };
		11EBCEB42427E4500037E79D /* Constants.swift */ = {isa = PBXFileReference; lastKnownFileType = sourcecode.swift; path = Constants.swift; sourceTree = "<group>"; };
		57AADA9CB56A55BAB16041D1 /* Pods-gt-first.release.xcconfig */ = {isa = PBXFileReference; includeInIndex = 1; lastKnownFileType = text.xcconfig; name = "Pods-gt-first.release.xcconfig"; path = "Target Support Files/Pods-gt-first/Pods-gt-first.release.xcconfig"; sourceTree = "<group>"; };
		92A12A19CE697800430E0ACD /* Pods-gt-first.debug.xcconfig */ = {isa = PBXFileReference; includeInIndex = 1; lastKnownFileType = text.xcconfig; name = "Pods-gt-first.debug.xcconfig"; path = "Target Support Files/Pods-gt-first/Pods-gt-first.debug.xcconfig"; sourceTree = "<group>"; };
		A943CD0A24270AD90029B6B3 /* QuedateEnCasa.app */ = {isa = PBXFileReference; explicitFileType = wrapper.application; includeInIndex = 0; path = QuedateEnCasa.app; sourceTree = BUILT_PRODUCTS_DIR; };
		A943CD0D24270AD90029B6B3 /* AppDelegate.swift */ = {isa = PBXFileReference; lastKnownFileType = sourcecode.swift; path = AppDelegate.swift; sourceTree = "<group>"; };
		A943CD1124270AD90029B6B3 /* SplashViewController.swift */ = {isa = PBXFileReference; lastKnownFileType = sourcecode.swift; path = SplashViewController.swift; sourceTree = "<group>"; };
		A943CD1424270AD90029B6B3 /* Base */ = {isa = PBXFileReference; lastKnownFileType = file.storyboard; name = Base; path = Base.lproj/Main.storyboard; sourceTree = "<group>"; };
		A943CD1624270ADC0029B6B3 /* Assets.xcassets */ = {isa = PBXFileReference; lastKnownFileType = folder.assetcatalog; path = Assets.xcassets; sourceTree = "<group>"; };
		A943CD1924270ADC0029B6B3 /* Base */ = {isa = PBXFileReference; lastKnownFileType = file.storyboard; name = Base; path = Base.lproj/LaunchScreen.storyboard; sourceTree = "<group>"; };
		A943CD1B24270ADC0029B6B3 /* Info.plist */ = {isa = PBXFileReference; lastKnownFileType = text.plist.xml; path = Info.plist; sourceTree = "<group>"; };
		A943CD31242727B30029B6B3 /* es-419 */ = {isa = PBXFileReference; lastKnownFileType = text.plist.strings; name = "es-419"; path = "es-419.lproj/Localizable.strings"; sourceTree = "<group>"; };
		A943CD33242727B80029B6B3 /* en */ = {isa = PBXFileReference; lastKnownFileType = text.plist.strings; name = en; path = en.lproj/Localizable.strings; sourceTree = "<group>"; };
		A943CD3B2427288F0029B6B3 /* es-419 */ = {isa = PBXFileReference; lastKnownFileType = text.plist.strings; name = "es-419"; path = "es-419.lproj/InfoPlist.strings"; sourceTree = "<group>"; };
		A943CD3D242728920029B6B3 /* en */ = {isa = PBXFileReference; lastKnownFileType = text.plist.strings; name = en; path = en.lproj/InfoPlist.strings; sourceTree = "<group>"; };
		A943CD3F242728FF0029B6B3 /* String+Localized.swift */ = {isa = PBXFileReference; lastKnownFileType = sourcecode.swift; path = "String+Localized.swift"; sourceTree = "<group>"; };
		A943CD43242729720029B6B3 /* EmergencyContactModel.swift */ = {isa = PBXFileReference; lastKnownFileType = sourcecode.swift; path = EmergencyContactModel.swift; sourceTree = "<group>"; };
		A943CD4524272A320029B6B3 /* Colors.xcassets */ = {isa = PBXFileReference; lastKnownFileType = folder.assetcatalog; path = Colors.xcassets; sourceTree = "<group>"; };
		A943CD4724272AC30029B6B3 /* Colors.swift */ = {isa = PBXFileReference; lastKnownFileType = sourcecode.swift; path = Colors.swift; sourceTree = "<group>"; };
		A98FEF742427C33A0020E7C0 /* Base */ = {isa = PBXFileReference; lastKnownFileType = file.storyboard; name = Base; path = Base.lproj/Onboarding.storyboard; sourceTree = "<group>"; };
		A98FEF802427C6340020E7C0 /* PageViewController.swift */ = {isa = PBXFileReference; lastKnownFileType = sourcecode.swift; path = PageViewController.swift; sourceTree = "<group>"; };
		A98FEF822427C7010020E7C0 /* PageChangeProtocol.swift */ = {isa = PBXFileReference; lastKnownFileType = sourcecode.swift; path = PageChangeProtocol.swift; sourceTree = "<group>"; };
		A98FEF882427C8950020E7C0 /* OnboardingPageContainerViewController.swift */ = {isa = PBXFileReference; lastKnownFileType = sourcecode.swift; path = OnboardingPageContainerViewController.swift; sourceTree = "<group>"; };
		A98FEF8A2427CB060020E7C0 /* OnboardingPageContainerProtocol.swift */ = {isa = PBXFileReference; lastKnownFileType = sourcecode.swift; path = OnboardingPageContainerProtocol.swift; sourceTree = "<group>"; };
		A98FEF8C2427CB110020E7C0 /* OnboardingPageContainerPresenter.swift */ = {isa = PBXFileReference; lastKnownFileType = sourcecode.swift; path = OnboardingPageContainerPresenter.swift; sourceTree = "<group>"; };
		A98FEF8E2427CBCB0020E7C0 /* LoaderProtocol.swift */ = {isa = PBXFileReference; lastKnownFileType = sourcecode.swift; path = LoaderProtocol.swift; sourceTree = "<group>"; };
		A98FEF912427CCD80020E7C0 /* APIManager.swift */ = {isa = PBXFileReference; lastKnownFileType = sourcecode.swift; path = APIManager.swift; sourceTree = "<group>"; };
		A98FEF932427D1D50020E7C0 /* OnboardingStep1ViewController.swift */ = {isa = PBXFileReference; lastKnownFileType = sourcecode.swift; path = OnboardingStep1ViewController.swift; sourceTree = "<group>"; };
		A98FEF952427D1E80020E7C0 /* OnboardingStep2ViewController.swift */ = {isa = PBXFileReference; lastKnownFileType = sourcecode.swift; path = OnboardingStep2ViewController.swift; sourceTree = "<group>"; };
		A98FEF972427D1FC0020E7C0 /* OnboardingStep3ViewController.swift */ = {isa = PBXFileReference; lastKnownFileType = sourcecode.swift; path = OnboardingStep3ViewController.swift; sourceTree = "<group>"; };
		A98FEF9A242807530020E7C0 /* Splash.storyboard */ = {isa = PBXFileReference; lastKnownFileType = file.storyboard; path = Splash.storyboard; sourceTree = "<group>"; };
		A98FEF9C242807D80020E7C0 /* SplashPresenter.swift */ = {isa = PBXFileReference; lastKnownFileType = sourcecode.swift; path = SplashPresenter.swift; sourceTree = "<group>"; };
		A98FEF9E242807ED0020E7C0 /* SplashProtocol.swift */ = {isa = PBXFileReference; lastKnownFileType = sourcecode.swift; path = SplashProtocol.swift; sourceTree = "<group>"; };
		A9C5BF3E24285C0700562CF3 /* Home.storyboard */ = {isa = PBXFileReference; lastKnownFileType = file.storyboard; path = Home.storyboard; sourceTree = "<group>"; };
		A9C5BF4024285C3500562CF3 /* EmergencyContact.storyboard */ = {isa = PBXFileReference; lastKnownFileType = file.storyboard; path = EmergencyContact.storyboard; sourceTree = "<group>"; };
		A9C5BF4224285C5B00562CF3 /* Login.storyboard */ = {isa = PBXFileReference; lastKnownFileType = file.storyboard; path = Login.storyboard; sourceTree = "<group>"; };
		A9C5BF4424285CB300562CF3 /* Stats.storyboard */ = {isa = PBXFileReference; lastKnownFileType = file.storyboard; path = Stats.storyboard; sourceTree = "<group>"; };
		A9C5BF4624285CC400562CF3 /* Profile.storyboard */ = {isa = PBXFileReference; lastKnownFileType = file.storyboard; path = Profile.storyboard; sourceTree = "<group>"; };
		A9C5BF4824285F6000562CF3 /* MainTabBarViewController.swift */ = {isa = PBXFileReference; lastKnownFileType = sourcecode.swift; path = MainTabBarViewController.swift; sourceTree = "<group>"; };
		A9C5BF4B2428699900562CF3 /* EmergencyContactsViewController.swift */ = {isa = PBXFileReference; lastKnownFileType = sourcecode.swift; path = EmergencyContactsViewController.swift; sourceTree = "<group>"; };
		A9C5BF4D242869A400562CF3 /* EmergencyContactsPresenter.swift */ = {isa = PBXFileReference; lastKnownFileType = sourcecode.swift; path = EmergencyContactsPresenter.swift; sourceTree = "<group>"; };
		A9C5BF4F242869B300562CF3 /* EmergencyContactsProtocol.swift */ = {isa = PBXFileReference; lastKnownFileType = sourcecode.swift; path = EmergencyContactsProtocol.swift; sourceTree = "<group>"; };
		A9C5BF5224286D5F00562CF3 /* EmergencyContactCell.swift */ = {isa = PBXFileReference; lastKnownFileType = sourcecode.swift; path = EmergencyContactCell.swift; sourceTree = "<group>"; };
		A9C5BF5324286D5F00562CF3 /* EmergencyContactCell.xib */ = {isa = PBXFileReference; lastKnownFileType = file.xib; path = EmergencyContactCell.xib; sourceTree = "<group>"; };
		A9C5BF5624287AD400562CF3 /* UIView+Layer.swift */ = {isa = PBXFileReference; lastKnownFileType = sourcecode.swift; path = "UIView+Layer.swift"; sourceTree = "<group>"; };
		A9E740FE2427BF7A00C18748 /* UIFont+CustomFont.swift */ = {isa = PBXFileReference; lastKnownFileType = sourcecode.swift; path = "UIFont+CustomFont.swift"; sourceTree = "<group>"; };
		A9ED1560242AC54D00831E9A /* FAQ.storyboard */ = {isa = PBXFileReference; lastKnownFileType = file.storyboard; path = FAQ.storyboard; sourceTree = "<group>"; };
		A9ED1566242ACC1400831E9A /* FAQPageContainerViewController.swift */ = {isa = PBXFileReference; lastKnownFileType = sourcecode.swift; path = FAQPageContainerViewController.swift; sourceTree = "<group>"; };
		A9ED1568242ACCBE00831E9A /* FAQPageContainerPresenter.swift */ = {isa = PBXFileReference; lastKnownFileType = sourcecode.swift; path = FAQPageContainerPresenter.swift; sourceTree = "<group>"; };
		A9ED156A242ACCC900831E9A /* FAQPageContainerProtocol.swift */ = {isa = PBXFileReference; lastKnownFileType = sourcecode.swift; path = FAQPageContainerProtocol.swift; sourceTree = "<group>"; };
		A9ED156C242ACF9D00831E9A /* FAQCommunicationsViewController.swift */ = {isa = PBXFileReference; lastKnownFileType = sourcecode.swift; path = FAQCommunicationsViewController.swift; sourceTree = "<group>"; };
		A9ED156E242ACFA900831E9A /* FAQCommunicationsProtocol.swift */ = {isa = PBXFileReference; lastKnownFileType = sourcecode.swift; path = FAQCommunicationsProtocol.swift; sourceTree = "<group>"; };
		A9ED1570242ACFB300831E9A /* FAQCommunicationsPresenter.swift */ = {isa = PBXFileReference; lastKnownFileType = sourcecode.swift; path = FAQCommunicationsPresenter.swift; sourceTree = "<group>"; };
		A9ED1572242ACFC800831E9A /* FAQRecommendationsViewController.swift */ = {isa = PBXFileReference; lastKnownFileType = sourcecode.swift; path = FAQRecommendationsViewController.swift; sourceTree = "<group>"; };
		A9ED1574242ACFD300831E9A /* FAQRecommendationsProtocol.swift */ = {isa = PBXFileReference; lastKnownFileType = sourcecode.swift; path = FAQRecommendationsProtocol.swift; sourceTree = "<group>"; };
		A9ED1576242ACFDD00831E9A /* FAQRecommendationsPresenter.swift */ = {isa = PBXFileReference; lastKnownFileType = sourcecode.swift; path = FAQRecommendationsPresenter.swift; sourceTree = "<group>"; };
		A9ED1579242AD68500831E9A /* Futura-Bold.ttf */ = {isa = PBXFileReference; lastKnownFileType = file; path = "Futura-Bold.ttf"; sourceTree = "<group>"; };
		A9ED157A242AD68500831E9A /* Futura-Medium.ttf */ = {isa = PBXFileReference; lastKnownFileType = file; path = "Futura-Medium.ttf"; sourceTree = "<group>"; };
		A9ED157D242AD71600831E9A /* Roboto-Regular.ttf */ = {isa = PBXFileReference; lastKnownFileType = file; path = "Roboto-Regular.ttf"; sourceTree = "<group>"; };
		A9ED157E242AD71600831E9A /* Roboto-Italic.ttf */ = {isa = PBXFileReference; lastKnownFileType = file; path = "Roboto-Italic.ttf"; sourceTree = "<group>"; };
		A9ED157F242AD71600831E9A /* Roboto-Thin.ttf */ = {isa = PBXFileReference; lastKnownFileType = file; path = "Roboto-Thin.ttf"; sourceTree = "<group>"; };
		A9ED1580242AD71700831E9A /* Roboto-Black.ttf */ = {isa = PBXFileReference; lastKnownFileType = file; path = "Roboto-Black.ttf"; sourceTree = "<group>"; };
		A9ED1581242AD71700831E9A /* Roboto-Light.ttf */ = {isa = PBXFileReference; lastKnownFileType = file; path = "Roboto-Light.ttf"; sourceTree = "<group>"; };
		A9ED1582242AD71700831E9A /* Roboto-Medium.ttf */ = {isa = PBXFileReference; lastKnownFileType = file; path = "Roboto-Medium.ttf"; sourceTree = "<group>"; };
		C7D168D0D1AE28EFCD56B461 /* Pods_gt_first.framework */ = {isa = PBXFileReference; explicitFileType = wrapper.framework; includeInIndex = 0; path = Pods_gt_first.framework; sourceTree = BUILT_PRODUCTS_DIR; };
/* End PBXFileReference section */

/* Begin PBXFrameworksBuildPhase section */
		A943CD0724270AD90029B6B3 /* Frameworks */ = {
			isa = PBXFrameworksBuildPhase;
			buildActionMask = 2147483647;
			files = (
				F35BD312BABAA091EC4A33CE /* Pods_gt_first.framework in Frameworks */,
			);
			runOnlyForDeploymentPostprocessing = 0;
		};
/* End PBXFrameworksBuildPhase section */

/* Begin PBXGroup section */
		11EBCEB12427E0B00037E79D /* Utilities */ = {
			isa = PBXGroup;
			children = (
				11EBCEB22427E0C20037E79D /* Storage.swift */,
			);
			path = Utilities;
			sourceTree = "<group>";
		};
		A943CD0124270AD90029B6B3 = {
			isa = PBXGroup;
			children = (
				A943CD0C24270AD90029B6B3 /* gt-first */,
				A943CD0B24270AD90029B6B3 /* Products */,
				F33BFC1A30D23563A5AB9C83 /* Pods */,
				DC80EBF052EC6746B7CA7B7C /* Frameworks */,
			);
			sourceTree = "<group>";
		};
		A943CD0B24270AD90029B6B3 /* Products */ = {
			isa = PBXGroup;
			children = (
				A943CD0A24270AD90029B6B3 /* QuedateEnCasa.app */,
			);
			name = Products;
			sourceTree = "<group>";
		};
		A943CD0C24270AD90029B6B3 /* gt-first */ = {
			isa = PBXGroup;
			children = (
				A943CD2224270B220029B6B3 /* Resources */,
				A943CD2324270B2A0029B6B3 /* Source */,
				A943CD2124270B170029B6B3 /* SupportingFiles */,
			);
			path = "gt-first";
			sourceTree = "<group>";
		};
		A943CD2124270B170029B6B3 /* SupportingFiles */ = {
			isa = PBXGroup;
			children = (
				A943CD1B24270ADC0029B6B3 /* Info.plist */,
			);
			path = SupportingFiles;
			sourceTree = "<group>";
		};
		A943CD2224270B220029B6B3 /* Resources */ = {
			isa = PBXGroup;
			children = (
				A943CD1624270ADC0029B6B3 /* Assets.xcassets */,
				A943CD4524272A320029B6B3 /* Colors.xcassets */,
				A9ED1578242AD64000831E9A /* Fonts */,
				A943CD2424270B590029B6B3 /* Interface */,
				A943CD2B242726860029B6B3 /* Localization */,
			);
			path = Resources;
			sourceTree = "<group>";
		};
		A943CD2324270B2A0029B6B3 /* Source */ = {
			isa = PBXGroup;
			children = (
				A98FEF902427CCC60020E7C0 /* APIManager */,
				A943CD2524270BF70029B6B3 /* AppDelegate */,
				A943CD3E242728E10029B6B3 /* Helpers */,
				A943CD41242729380029B6B3 /* Models */,
				A943CD262427258C0029B6B3 /* Scenes */,
			);
			path = Source;
			sourceTree = "<group>";
		};
		A943CD2424270B590029B6B3 /* Interface */ = {
			isa = PBXGroup;
			children = (
				A9C5BF4024285C3500562CF3 /* EmergencyContact.storyboard */,
				A9ED1560242AC54D00831E9A /* FAQ.storyboard */,
				A9C5BF3E24285C0700562CF3 /* Home.storyboard */,
				A943CD1824270ADC0029B6B3 /* LaunchScreen.storyboard */,
				A9C5BF4224285C5B00562CF3 /* Login.storyboard */,
				A943CD1324270AD90029B6B3 /* Main.storyboard */,
				A98FEF752427C33A0020E7C0 /* Onboarding.storyboard */,
				A9C5BF4624285CC400562CF3 /* Profile.storyboard */,
				A98FEF9A242807530020E7C0 /* Splash.storyboard */,
				A9C5BF4424285CB300562CF3 /* Stats.storyboard */,
			);
			path = Interface;
			sourceTree = "<group>";
		};
		A943CD2524270BF70029B6B3 /* AppDelegate */ = {
			isa = PBXGroup;
			children = (
				A943CD0D24270AD90029B6B3 /* AppDelegate.swift */,
			);
			path = AppDelegate;
			sourceTree = "<group>";
		};
		A943CD262427258C0029B6B3 /* Scenes */ = {
			isa = PBXGroup;
			children = (
				A9C5BF4A2428697500562CF3 /* EmergencyContacts */,
				A9ED1562242ACA0E00831E9A /* FAQ */,
				A98FEF7C2427C5AA0020E7C0 /* Onboarding */,
				A98FEF992427EA510020E7C0 /* Splash */,
				A98FEFA024280E350020E7C0 /* TabBar */,
			);
			path = Scenes;
			sourceTree = "<group>";
		};
		A943CD2B242726860029B6B3 /* Localization */ = {
			isa = PBXGroup;
			children = (
				A943CD32242727B30029B6B3 /* Localizable.strings */,
				A943CD3C2427288F0029B6B3 /* InfoPlist.strings */,
			);
			path = Localization;
			sourceTree = "<group>";
		};
		A943CD3E242728E10029B6B3 /* Helpers */ = {
			isa = PBXGroup;
			children = (
				A943CD4724272AC30029B6B3 /* Colors.swift */,
				11EBCEB42427E4500037E79D /* Constants.swift */,
				A98FEF7D2427C5E00020E7C0 /* Common */,
				A9E740FD2427BF2E00C18748 /* Extensions */,
				11EBCEB12427E0B00037E79D /* Utilities */,
			);
			path = Helpers;
			sourceTree = "<group>";
		};
		A943CD41242729380029B6B3 /* Models */ = {
			isa = PBXGroup;
			children = (
				A943CD42242729570029B6B3 /* EmergencyContact */,
			);
			path = Models;
			sourceTree = "<group>";
		};
		A943CD42242729570029B6B3 /* EmergencyContact */ = {
			isa = PBXGroup;
			children = (
				A943CD43242729720029B6B3 /* EmergencyContactModel.swift */,
			);
			path = EmergencyContact;
			sourceTree = "<group>";
		};
		A98FEF7C2427C5AA0020E7C0 /* Onboarding */ = {
			isa = PBXGroup;
			children = (
				A98FEF842427C7E00020E7C0 /* PageContainer */,
				A98FEF852427C7E60020E7C0 /* Step1 */,
				A98FEF862427C7EC0020E7C0 /* Step2 */,
				A98FEF872427C7F20020E7C0 /* Step3 */,
			);
			path = Onboarding;
			sourceTree = "<group>";
		};
		A98FEF7D2427C5E00020E7C0 /* Common */ = {
			isa = PBXGroup;
			children = (
				A98FEF7F2427C6090020E7C0 /* Protocols */,
				A98FEF7E2427C6010020E7C0 /* PageController */,
			);
			path = Common;
			sourceTree = "<group>";
		};
		A98FEF7E2427C6010020E7C0 /* PageController */ = {
			isa = PBXGroup;
			children = (
				A98FEF802427C6340020E7C0 /* PageViewController.swift */,
			);
			path = PageController;
			sourceTree = "<group>";
		};
		A98FEF7F2427C6090020E7C0 /* Protocols */ = {
			isa = PBXGroup;
			children = (
				A98FEF822427C7010020E7C0 /* PageChangeProtocol.swift */,
				A98FEF8E2427CBCB0020E7C0 /* LoaderProtocol.swift */,
			);
			path = Protocols;
			sourceTree = "<group>";
		};
		A98FEF842427C7E00020E7C0 /* PageContainer */ = {
			isa = PBXGroup;
			children = (
				A98FEF8C2427CB110020E7C0 /* OnboardingPageContainerPresenter.swift */,
				A98FEF8A2427CB060020E7C0 /* OnboardingPageContainerProtocol.swift */,
				A98FEF882427C8950020E7C0 /* OnboardingPageContainerViewController.swift */,
			);
			path = PageContainer;
			sourceTree = "<group>";
		};
		A98FEF852427C7E60020E7C0 /* Step1 */ = {
			isa = PBXGroup;
			children = (
				A98FEF932427D1D50020E7C0 /* OnboardingStep1ViewController.swift */,
			);
			path = Step1;
			sourceTree = "<group>";
		};
		A98FEF862427C7EC0020E7C0 /* Step2 */ = {
			isa = PBXGroup;
			children = (
				A98FEF952427D1E80020E7C0 /* OnboardingStep2ViewController.swift */,
			);
			path = Step2;
			sourceTree = "<group>";
		};
		A98FEF872427C7F20020E7C0 /* Step3 */ = {
			isa = PBXGroup;
			children = (
				A98FEF972427D1FC0020E7C0 /* OnboardingStep3ViewController.swift */,
			);
			path = Step3;
			sourceTree = "<group>";
		};
		A98FEF902427CCC60020E7C0 /* APIManager */ = {
			isa = PBXGroup;
			children = (
				A98FEF912427CCD80020E7C0 /* APIManager.swift */,
			);
			path = APIManager;
			sourceTree = "<group>";
		};
		A98FEF992427EA510020E7C0 /* Splash */ = {
			isa = PBXGroup;
			children = (
				A98FEF9C242807D80020E7C0 /* SplashPresenter.swift */,
				A98FEF9E242807ED0020E7C0 /* SplashProtocol.swift */,
				A943CD1124270AD90029B6B3 /* SplashViewController.swift */,
			);
			path = Splash;
			sourceTree = "<group>";
		};
		A98FEFA024280E350020E7C0 /* TabBar */ = {
			isa = PBXGroup;
			children = (
				A9C5BF4824285F6000562CF3 /* MainTabBarViewController.swift */,
			);
			path = TabBar;
			sourceTree = "<group>";
		};
		A9C5BF4A2428697500562CF3 /* EmergencyContacts */ = {
			isa = PBXGroup;
			children = (
				A9C5BF4D242869A400562CF3 /* EmergencyContactsPresenter.swift */,
				A9C5BF4F242869B300562CF3 /* EmergencyContactsProtocol.swift */,
				A9C5BF4B2428699900562CF3 /* EmergencyContactsViewController.swift */,
				A9C5BF5124286CD600562CF3 /* Cells */,
			);
			path = EmergencyContacts;
			sourceTree = "<group>";
		};
		A9C5BF5124286CD600562CF3 /* Cells */ = {
			isa = PBXGroup;
			children = (
				A9C5BF5224286D5F00562CF3 /* EmergencyContactCell.swift */,
				A9C5BF5324286D5F00562CF3 /* EmergencyContactCell.xib */,
			);
			path = Cells;
			sourceTree = "<group>";
		};
		A9E740FD2427BF2E00C18748 /* Extensions */ = {
			isa = PBXGroup;
			children = (
				A943CD3F242728FF0029B6B3 /* String+Localized.swift */,
				A9E740FE2427BF7A00C18748 /* UIFont+CustomFont.swift */,
				A9C5BF5624287AD400562CF3 /* UIView+Layer.swift */,
			);
			path = Extensions;
			sourceTree = "<group>";
		};
		A9ED1562242ACA0E00831E9A /* FAQ */ = {
			isa = PBXGroup;
			children = (
				A9ED1565242ACA5500831E9A /* Communications */,
				A9ED1563242ACA1800831E9A /* PageContainer */,
				A9ED1564242ACA2100831E9A /* Recomendations */,
			);
			path = FAQ;
			sourceTree = "<group>";
		};
		A9ED1563242ACA1800831E9A /* PageContainer */ = {
			isa = PBXGroup;
			children = (
				A9ED1568242ACCBE00831E9A /* FAQPageContainerPresenter.swift */,
				A9ED156A242ACCC900831E9A /* FAQPageContainerProtocol.swift */,
				A9ED1566242ACC1400831E9A /* FAQPageContainerViewController.swift */,
			);
			path = PageContainer;
			sourceTree = "<group>";
		};
		A9ED1564242ACA2100831E9A /* Recomendations */ = {
			isa = PBXGroup;
			children = (
				A9ED1576242ACFDD00831E9A /* FAQRecommendationsPresenter.swift */,
				A9ED1574242ACFD300831E9A /* FAQRecommendationsProtocol.swift */,
				A9ED1572242ACFC800831E9A /* FAQRecommendationsViewController.swift */,
			);
			path = Recomendations;
			sourceTree = "<group>";
		};
		A9ED1565242ACA5500831E9A /* Communications */ = {
			isa = PBXGroup;
			children = (
				A9ED1570242ACFB300831E9A /* FAQCommunicationsPresenter.swift */,
				A9ED156E242ACFA900831E9A /* FAQCommunicationsProtocol.swift */,
				A9ED156C242ACF9D00831E9A /* FAQCommunicationsViewController.swift */,
			);
			path = Communications;
			sourceTree = "<group>";
		};
		A9ED1578242AD64000831E9A /* Fonts */ = {
			isa = PBXGroup;
			children = (
				A9ED1580242AD71700831E9A /* Roboto-Black.ttf */,
				A9ED157E242AD71600831E9A /* Roboto-Italic.ttf */,
				A9ED1581242AD71700831E9A /* Roboto-Light.ttf */,
				A9ED1582242AD71700831E9A /* Roboto-Medium.ttf */,
				A9ED157D242AD71600831E9A /* Roboto-Regular.ttf */,
				A9ED157F242AD71600831E9A /* Roboto-Thin.ttf */,
				A9ED1579242AD68500831E9A /* Futura-Bold.ttf */,
				A9ED157A242AD68500831E9A /* Futura-Medium.ttf */,
			);
			path = Fonts;
			sourceTree = "<group>";
		};
		DC80EBF052EC6746B7CA7B7C /* Frameworks */ = {
			isa = PBXGroup;
			children = (
				C7D168D0D1AE28EFCD56B461 /* Pods_gt_first.framework */,
			);
			name = Frameworks;
			sourceTree = "<group>";
		};
		F33BFC1A30D23563A5AB9C83 /* Pods */ = {
			isa = PBXGroup;
			children = (
				92A12A19CE697800430E0ACD /* Pods-gt-first.debug.xcconfig */,
				57AADA9CB56A55BAB16041D1 /* Pods-gt-first.release.xcconfig */,
			);
			path = Pods;
			sourceTree = "<group>";
		};
/* End PBXGroup section */

/* Begin PBXNativeTarget section */
		A943CD0924270AD90029B6B3 /* gt-first */ = {
			isa = PBXNativeTarget;
			buildConfigurationList = A943CD1E24270ADC0029B6B3 /* Build configuration list for PBXNativeTarget "gt-first" */;
			buildPhases = (
				39DC0AC21989CBFF9A1C7B39 /* [CP] Check Pods Manifest.lock */,
				A943CD0624270AD90029B6B3 /* Sources */,
				A943CD0724270AD90029B6B3 /* Frameworks */,
				A943CD0824270AD90029B6B3 /* Resources */,
				4F430399A1BDE9B6A2CE147E /* [CP] Embed Pods Frameworks */,
			);
			buildRules = (
			);
			dependencies = (
			);
			name = "gt-first";
			productName = "gt-first";
			productReference = A943CD0A24270AD90029B6B3 /* QuedateEnCasa.app */;
			productType = "com.apple.product-type.application";
		};
/* End PBXNativeTarget section */

/* Begin PBXProject section */
		A943CD0224270AD90029B6B3 /* Project object */ = {
			isa = PBXProject;
			attributes = {
				LastSwiftUpdateCheck = 1130;
				LastUpgradeCheck = 1130;
				ORGANIZATIONNAME = "Erick Pac";
				TargetAttributes = {
					A943CD0924270AD90029B6B3 = {
						CreatedOnToolsVersion = 11.3.1;
					};
				};
			};
			buildConfigurationList = A943CD0524270AD90029B6B3 /* Build configuration list for PBXProject "gt-first" */;
			compatibilityVersion = "Xcode 9.3";
			developmentRegion = en;
			hasScannedForEncodings = 0;
			knownRegions = (
				en,
				Base,
				"es-419",
			);
			mainGroup = A943CD0124270AD90029B6B3;
			productRefGroup = A943CD0B24270AD90029B6B3 /* Products */;
			projectDirPath = "";
			projectRoot = "";
			targets = (
				A943CD0924270AD90029B6B3 /* gt-first */,
			);
		};
/* End PBXProject section */

/* Begin PBXResourcesBuildPhase section */
		A943CD0824270AD90029B6B3 /* Resources */ = {
			isa = PBXResourcesBuildPhase;
			buildActionMask = 2147483647;
			files = (
				A9ED157B242AD69600831E9A /* Futura-Bold.ttf in Resources */,
				A943CD1A24270ADC0029B6B3 /* LaunchScreen.storyboard in Resources */,
				A9ED1585242AD76800831E9A /* Roboto-Light.ttf in Resources */,
				A943CD30242727B30029B6B3 /* Localizable.strings in Resources */,
				A943CD1724270ADC0029B6B3 /* Assets.xcassets in Resources */,
				A9C5BF3F24285C0700562CF3 /* Home.storyboard in Resources */,
				A9ED1583242AD76200831E9A /* Roboto-Black.ttf in Resources */,
				A98FEF9B242807530020E7C0 /* Splash.storyboard in Resources */,
				A9ED157C242AD69900831E9A /* Futura-Medium.ttf in Resources */,
				A9ED1588242AD77100831E9A /* Roboto-Thin.ttf in Resources */,
				A9ED1584242AD76500831E9A /* Roboto-Italic.ttf in Resources */,
				A9C5BF4724285CC400562CF3 /* Profile.storyboard in Resources */,
				A9C5BF4124285C3500562CF3 /* EmergencyContact.storyboard in Resources */,
				A9ED1587242AD76F00831E9A /* Roboto-Regular.ttf in Resources */,
				A9C5BF4524285CB300562CF3 /* Stats.storyboard in Resources */,
				A9ED1561242AC54D00831E9A /* FAQ.storyboard in Resources */,
				A943CD4624272A320029B6B3 /* Colors.xcassets in Resources */,
				A98FEF732427C33A0020E7C0 /* Onboarding.storyboard in Resources */,
				A943CD1524270AD90029B6B3 /* Main.storyboard in Resources */,
				A9ED1586242AD76B00831E9A /* Roboto-Medium.ttf in Resources */,
				A943CD3A2427288F0029B6B3 /* InfoPlist.strings in Resources */,
				A9C5BF5524286D5F00562CF3 /* EmergencyContactCell.xib in Resources */,
				A9C5BF4324285C5B00562CF3 /* Login.storyboard in Resources */,
			);
			runOnlyForDeploymentPostprocessing = 0;
		};
/* End PBXResourcesBuildPhase section */

/* Begin PBXShellScriptBuildPhase section */
		39DC0AC21989CBFF9A1C7B39 /* [CP] Check Pods Manifest.lock */ = {
			isa = PBXShellScriptBuildPhase;
			buildActionMask = 2147483647;
			files = (
			);
			inputFileListPaths = (
			);
			inputPaths = (
				"${PODS_PODFILE_DIR_PATH}/Podfile.lock",
				"${PODS_ROOT}/Manifest.lock",
			);
			name = "[CP] Check Pods Manifest.lock";
			outputFileListPaths = (
			);
			outputPaths = (
				"$(DERIVED_FILE_DIR)/Pods-gt-first-checkManifestLockResult.txt",
			);
			runOnlyForDeploymentPostprocessing = 0;
			shellPath = /bin/sh;
			shellScript = "diff \"${PODS_PODFILE_DIR_PATH}/Podfile.lock\" \"${PODS_ROOT}/Manifest.lock\" > /dev/null\nif [ $? != 0 ] ; then\n    # print error to STDERR\n    echo \"error: The sandbox is not in sync with the Podfile.lock. Run 'pod install' or update your CocoaPods installation.\" >&2\n    exit 1\nfi\n# This output is used by Xcode 'outputs' to avoid re-running this script phase.\necho \"SUCCESS\" > \"${SCRIPT_OUTPUT_FILE_0}\"\n";
			showEnvVarsInLog = 0;
		};
		4F430399A1BDE9B6A2CE147E /* [CP] Embed Pods Frameworks */ = {
			isa = PBXShellScriptBuildPhase;
			buildActionMask = 2147483647;
			files = (
			);
			inputFileListPaths = (
			);
			name = "[CP] Embed Pods Frameworks";
			outputFileListPaths = (
			);
			runOnlyForDeploymentPostprocessing = 0;
			shellPath = /bin/sh;
			shellScript = "\"${PODS_ROOT}/Target Support Files/Pods-gt-first/Pods-gt-first-frameworks.sh\"\n";
			showEnvVarsInLog = 0;
		};
/* End PBXShellScriptBuildPhase section */

/* Begin PBXSourcesBuildPhase section */
		A943CD0624270AD90029B6B3 /* Sources */ = {
			isa = PBXSourcesBuildPhase;
			buildActionMask = 2147483647;
			files = (
				A98FEF832427C7010020E7C0 /* PageChangeProtocol.swift in Sources */,
				A9ED156B242ACCC900831E9A /* FAQPageContainerProtocol.swift in Sources */,
				11EBCEB32427E0C20037E79D /* Storage.swift in Sources */,
				A9C5BF50242869B300562CF3 /* EmergencyContactsProtocol.swift in Sources */,
				A9C5BF4924285F6000562CF3 /* MainTabBarViewController.swift in Sources */,
				A98FEF9D242807D80020E7C0 /* SplashPresenter.swift in Sources */,
				A98FEF962427D1E80020E7C0 /* OnboardingStep2ViewController.swift in Sources */,
				A9C5BF4C2428699900562CF3 /* EmergencyContactsViewController.swift in Sources */,
				A9ED1571242ACFB300831E9A /* FAQCommunicationsPresenter.swift in Sources */,
				A943CD40242728FF0029B6B3 /* String+Localized.swift in Sources */,
				A98FEF812427C6340020E7C0 /* PageViewController.swift in Sources */,
				A98FEF942427D1D50020E7C0 /* OnboardingStep1ViewController.swift in Sources */,
				A98FEF892427C8950020E7C0 /* OnboardingPageContainerViewController.swift in Sources */,
				A9ED156D242ACF9D00831E9A /* FAQCommunicationsViewController.swift in Sources */,
				A9ED1575242ACFD300831E9A /* FAQRecommendationsProtocol.swift in Sources */,
				A98FEF9F242807ED0020E7C0 /* SplashProtocol.swift in Sources */,
				11EBCEB52427E4500037E79D /* Constants.swift in Sources */,
				A98FEF8F2427CBCB0020E7C0 /* LoaderProtocol.swift in Sources */,
				A98FEF982427D1FC0020E7C0 /* OnboardingStep3ViewController.swift in Sources */,
				A943CD4824272AC30029B6B3 /* Colors.swift in Sources */,
				A9E740FF2427BF7A00C18748 /* UIFont+CustomFont.swift in Sources */,
				A943CD1224270AD90029B6B3 /* SplashViewController.swift in Sources */,
				A9ED1569242ACCBE00831E9A /* FAQPageContainerPresenter.swift in Sources */,
				A9C5BF5724287AD400562CF3 /* UIView+Layer.swift in Sources */,
				A943CD44242729720029B6B3 /* EmergencyContactModel.swift in Sources */,
				A9ED1567242ACC1400831E9A /* FAQPageContainerViewController.swift in Sources */,
				A9ED1577242ACFDD00831E9A /* FAQRecommendationsPresenter.swift in Sources */,
				A943CD0E24270AD90029B6B3 /* AppDelegate.swift in Sources */,
				A98FEF922427CCD80020E7C0 /* APIManager.swift in Sources */,
				A9ED1573242ACFC800831E9A /* FAQRecommendationsViewController.swift in Sources */,
				A9ED156F242ACFA900831E9A /* FAQCommunicationsProtocol.swift in Sources */,
				A9C5BF5424286D5F00562CF3 /* EmergencyContactCell.swift in Sources */,
				A98FEF8D2427CB110020E7C0 /* OnboardingPageContainerPresenter.swift in Sources */,
				A98FEF8B2427CB060020E7C0 /* OnboardingPageContainerProtocol.swift in Sources */,
				A9C5BF4E242869A400562CF3 /* EmergencyContactsPresenter.swift in Sources */,
			);
			runOnlyForDeploymentPostprocessing = 0;
		};
/* End PBXSourcesBuildPhase section */

/* Begin PBXVariantGroup section */
		A943CD1324270AD90029B6B3 /* Main.storyboard */ = {
			isa = PBXVariantGroup;
			children = (
				A943CD1424270AD90029B6B3 /* Base */,
			);
			name = Main.storyboard;
			sourceTree = "<group>";
		};
		A943CD1824270ADC0029B6B3 /* LaunchScreen.storyboard */ = {
			isa = PBXVariantGroup;
			children = (
				A943CD1924270ADC0029B6B3 /* Base */,
			);
			name = LaunchScreen.storyboard;
			sourceTree = "<group>";
		};
		A943CD32242727B30029B6B3 /* Localizable.strings */ = {
			isa = PBXVariantGroup;
			children = (
				A943CD31242727B30029B6B3 /* es-419 */,
				A943CD33242727B80029B6B3 /* en */,
			);
			name = Localizable.strings;
			sourceTree = "<group>";
		};
		A943CD3C2427288F0029B6B3 /* InfoPlist.strings */ = {
			isa = PBXVariantGroup;
			children = (
				A943CD3B2427288F0029B6B3 /* es-419 */,
				A943CD3D242728920029B6B3 /* en */,
			);
			name = InfoPlist.strings;
			sourceTree = "<group>";
		};
		A98FEF752427C33A0020E7C0 /* Onboarding.storyboard */ = {
			isa = PBXVariantGroup;
			children = (
				A98FEF742427C33A0020E7C0 /* Base */,
			);
			name = Onboarding.storyboard;
			sourceTree = "<group>";
		};
/* End PBXVariantGroup section */

/* Begin XCBuildConfiguration section */
		A943CD1C24270ADC0029B6B3 /* Debug */ = {
			isa = XCBuildConfiguration;
			buildSettings = {
				ALWAYS_SEARCH_USER_PATHS = NO;
				CLANG_ANALYZER_LOCALIZABILITY_NONLOCALIZED = YES;
				CLANG_ANALYZER_NONNULL = YES;
				CLANG_ANALYZER_NUMBER_OBJECT_CONVERSION = YES_AGGRESSIVE;
				CLANG_CXX_LANGUAGE_STANDARD = "gnu++14";
				CLANG_CXX_LIBRARY = "libc++";
				CLANG_ENABLE_MODULES = YES;
				CLANG_ENABLE_OBJC_ARC = YES;
				CLANG_ENABLE_OBJC_WEAK = YES;
				CLANG_WARN_BLOCK_CAPTURE_AUTORELEASING = YES;
				CLANG_WARN_BOOL_CONVERSION = YES;
				CLANG_WARN_COMMA = YES;
				CLANG_WARN_CONSTANT_CONVERSION = YES;
				CLANG_WARN_DEPRECATED_OBJC_IMPLEMENTATIONS = YES;
				CLANG_WARN_DIRECT_OBJC_ISA_USAGE = YES_ERROR;
				CLANG_WARN_DOCUMENTATION_COMMENTS = YES;
				CLANG_WARN_EMPTY_BODY = YES;
				CLANG_WARN_ENUM_CONVERSION = YES;
				CLANG_WARN_INFINITE_RECURSION = YES;
				CLANG_WARN_INT_CONVERSION = YES;
				CLANG_WARN_NON_LITERAL_NULL_CONVERSION = YES;
				CLANG_WARN_OBJC_IMPLICIT_RETAIN_SELF = YES;
				CLANG_WARN_OBJC_LITERAL_CONVERSION = YES;
				CLANG_WARN_OBJC_ROOT_CLASS = YES_ERROR;
				CLANG_WARN_RANGE_LOOP_ANALYSIS = YES;
				CLANG_WARN_STRICT_PROTOTYPES = YES;
				CLANG_WARN_SUSPICIOUS_MOVE = YES;
				CLANG_WARN_UNGUARDED_AVAILABILITY = YES_AGGRESSIVE;
				CLANG_WARN_UNREACHABLE_CODE = YES;
				CLANG_WARN__DUPLICATE_METHOD_MATCH = YES;
				COPY_PHASE_STRIP = NO;
				DEBUG_INFORMATION_FORMAT = dwarf;
				ENABLE_STRICT_OBJC_MSGSEND = YES;
				ENABLE_TESTABILITY = YES;
				GCC_C_LANGUAGE_STANDARD = gnu11;
				GCC_DYNAMIC_NO_PIC = NO;
				GCC_NO_COMMON_BLOCKS = YES;
				GCC_OPTIMIZATION_LEVEL = 0;
				GCC_PREPROCESSOR_DEFINITIONS = (
					"DEBUG=1",
					"$(inherited)",
				);
				GCC_WARN_64_TO_32_BIT_CONVERSION = YES;
				GCC_WARN_ABOUT_RETURN_TYPE = YES_ERROR;
				GCC_WARN_UNDECLARED_SELECTOR = YES;
				GCC_WARN_UNINITIALIZED_AUTOS = YES_AGGRESSIVE;
				GCC_WARN_UNUSED_FUNCTION = YES;
				GCC_WARN_UNUSED_VARIABLE = YES;
				IPHONEOS_DEPLOYMENT_TARGET = 11.0;
				MTL_ENABLE_DEBUG_INFO = INCLUDE_SOURCE;
				MTL_FAST_MATH = YES;
				ONLY_ACTIVE_ARCH = YES;
				SDKROOT = iphoneos;
				SWIFT_ACTIVE_COMPILATION_CONDITIONS = DEBUG;
				SWIFT_OPTIMIZATION_LEVEL = "-Onone";
			};
			name = Debug;
		};
		A943CD1D24270ADC0029B6B3 /* Release */ = {
			isa = XCBuildConfiguration;
			buildSettings = {
				ALWAYS_SEARCH_USER_PATHS = NO;
				CLANG_ANALYZER_LOCALIZABILITY_NONLOCALIZED = YES;
				CLANG_ANALYZER_NONNULL = YES;
				CLANG_ANALYZER_NUMBER_OBJECT_CONVERSION = YES_AGGRESSIVE;
				CLANG_CXX_LANGUAGE_STANDARD = "gnu++14";
				CLANG_CXX_LIBRARY = "libc++";
				CLANG_ENABLE_MODULES = YES;
				CLANG_ENABLE_OBJC_ARC = YES;
				CLANG_ENABLE_OBJC_WEAK = YES;
				CLANG_WARN_BLOCK_CAPTURE_AUTORELEASING = YES;
				CLANG_WARN_BOOL_CONVERSION = YES;
				CLANG_WARN_COMMA = YES;
				CLANG_WARN_CONSTANT_CONVERSION = YES;
				CLANG_WARN_DEPRECATED_OBJC_IMPLEMENTATIONS = YES;
				CLANG_WARN_DIRECT_OBJC_ISA_USAGE = YES_ERROR;
				CLANG_WARN_DOCUMENTATION_COMMENTS = YES;
				CLANG_WARN_EMPTY_BODY = YES;
				CLANG_WARN_ENUM_CONVERSION = YES;
				CLANG_WARN_INFINITE_RECURSION = YES;
				CLANG_WARN_INT_CONVERSION = YES;
				CLANG_WARN_NON_LITERAL_NULL_CONVERSION = YES;
				CLANG_WARN_OBJC_IMPLICIT_RETAIN_SELF = YES;
				CLANG_WARN_OBJC_LITERAL_CONVERSION = YES;
				CLANG_WARN_OBJC_ROOT_CLASS = YES_ERROR;
				CLANG_WARN_RANGE_LOOP_ANALYSIS = YES;
				CLANG_WARN_STRICT_PROTOTYPES = YES;
				CLANG_WARN_SUSPICIOUS_MOVE = YES;
				CLANG_WARN_UNGUARDED_AVAILABILITY = YES_AGGRESSIVE;
				CLANG_WARN_UNREACHABLE_CODE = YES;
				CLANG_WARN__DUPLICATE_METHOD_MATCH = YES;
				COPY_PHASE_STRIP = NO;
				DEBUG_INFORMATION_FORMAT = "dwarf-with-dsym";
				ENABLE_NS_ASSERTIONS = NO;
				ENABLE_STRICT_OBJC_MSGSEND = YES;
				GCC_C_LANGUAGE_STANDARD = gnu11;
				GCC_NO_COMMON_BLOCKS = YES;
				GCC_WARN_64_TO_32_BIT_CONVERSION = YES;
				GCC_WARN_ABOUT_RETURN_TYPE = YES_ERROR;
				GCC_WARN_UNDECLARED_SELECTOR = YES;
				GCC_WARN_UNINITIALIZED_AUTOS = YES_AGGRESSIVE;
				GCC_WARN_UNUSED_FUNCTION = YES;
				GCC_WARN_UNUSED_VARIABLE = YES;
				IPHONEOS_DEPLOYMENT_TARGET = 11.0;
				MTL_ENABLE_DEBUG_INFO = NO;
				MTL_FAST_MATH = YES;
				SDKROOT = iphoneos;
				SWIFT_COMPILATION_MODE = wholemodule;
				SWIFT_OPTIMIZATION_LEVEL = "-O";
				VALIDATE_PRODUCT = YES;
			};
			name = Release;
		};
		A943CD1F24270ADC0029B6B3 /* Debug */ = {
			isa = XCBuildConfiguration;
			baseConfigurationReference = 92A12A19CE697800430E0ACD /* Pods-gt-first.debug.xcconfig */;
			buildSettings = {
				ASSETCATALOG_COMPILER_APPICON_NAME = AppIcon;
				CODE_SIGN_STYLE = Automatic;
				INFOPLIST_FILE = "gt-first/SupportingFiles/Info.plist";
				IPHONEOS_DEPLOYMENT_TARGET = 11.0;
				LD_RUNPATH_SEARCH_PATHS = (
					"$(inherited)",
					"@executable_path/Frameworks",
				);
				PRODUCT_BUNDLE_IDENTIFIER = com.gt.quedateencasa;
				PRODUCT_NAME = QuedateEnCasa;
				SWIFT_VERSION = 5.0;
				TARGETED_DEVICE_FAMILY = 1;
			};
			name = Debug;
		};
		A943CD2024270ADC0029B6B3 /* Release */ = {
			isa = XCBuildConfiguration;
			baseConfigurationReference = 57AADA9CB56A55BAB16041D1 /* Pods-gt-first.release.xcconfig */;
			buildSettings = {
				ASSETCATALOG_COMPILER_APPICON_NAME = AppIcon;
				CODE_SIGN_STYLE = Automatic;
				INFOPLIST_FILE = "gt-first/SupportingFiles/Info.plist";
				IPHONEOS_DEPLOYMENT_TARGET = 11.0;
				LD_RUNPATH_SEARCH_PATHS = (
					"$(inherited)",
					"@executable_path/Frameworks",
				);
				PRODUCT_BUNDLE_IDENTIFIER = com.gt.quedateencasa;
				PRODUCT_NAME = QuedateEnCasa;
				SWIFT_VERSION = 5.0;
				TARGETED_DEVICE_FAMILY = 1;
			};
			name = Release;
		};
/* End XCBuildConfiguration section */

/* Begin XCConfigurationList section */
		A943CD0524270AD90029B6B3 /* Build configuration list for PBXProject "gt-first" */ = {
			isa = XCConfigurationList;
			buildConfigurations = (
				A943CD1C24270ADC0029B6B3 /* Debug */,
				A943CD1D24270ADC0029B6B3 /* Release */,
			);
			defaultConfigurationIsVisible = 0;
			defaultConfigurationName = Release;
		};
		A943CD1E24270ADC0029B6B3 /* Build configuration list for PBXNativeTarget "gt-first" */ = {
			isa = XCConfigurationList;
			buildConfigurations = (
				A943CD1F24270ADC0029B6B3 /* Debug */,
				A943CD2024270ADC0029B6B3 /* Release */,
			);
			defaultConfigurationIsVisible = 0;
			defaultConfigurationName = Release;
		};
/* End XCConfigurationList section */
	};
	rootObject = A943CD0224270AD90029B6B3 /* Project object */;
}
