// !$*UTF8*$!
{
	archiveVersion = 1;
	classes = {
	};
	objectVersion = 51;
	objects = {

/* Begin PBXBuildFile section */
		A943CD0E24270AD90029B6B3 /* AppDelegate.swift in Sources */ = {isa = PBXBuildFile; fileRef = A943CD0D24270AD90029B6B3 /* AppDelegate.swift */; };
		A943CD1224270AD90029B6B3 /* ViewController.swift in Sources */ = {isa = PBXBuildFile; fileRef = A943CD1124270AD90029B6B3 /* ViewController.swift */; };
		A943CD1524270AD90029B6B3 /* Main.storyboard in Resources */ = {isa = PBXBuildFile; fileRef = A943CD1324270AD90029B6B3 /* Main.storyboard */; };
		A943CD1724270ADC0029B6B3 /* Assets.xcassets in Resources */ = {isa = PBXBuildFile; fileRef = A943CD1624270ADC0029B6B3 /* Assets.xcassets */; };
		A943CD1A24270ADC0029B6B3 /* LaunchScreen.storyboard in Resources */ = {isa = PBXBuildFile; fileRef = A943CD1824270ADC0029B6B3 /* LaunchScreen.storyboard */; };
		A943CD30242727B30029B6B3 /* Localizable.strings in Resources */ = {isa = PBXBuildFile; fileRef = A943CD32242727B30029B6B3 /* Localizable.strings */; };
		A943CD3A2427288F0029B6B3 /* InfoPlist.strings in Resources */ = {isa = PBXBuildFile; fileRef = A943CD3C2427288F0029B6B3 /* InfoPlist.strings */; };
		A943CD40242728FF0029B6B3 /* String+Localized.swift in Sources */ = {isa = PBXBuildFile; fileRef = A943CD3F242728FF0029B6B3 /* String+Localized.swift */; };
		A943CD44242729720029B6B3 /* EmergencyContactModel.swift in Sources */ = {isa = PBXBuildFile; fileRef = A943CD43242729720029B6B3 /* EmergencyContactModel.swift */; };
		A943CD4624272A320029B6B3 /* Colors.xcassets in Resources */ = {isa = PBXBuildFile; fileRef = A943CD4524272A320029B6B3 /* Colors.xcassets */; };
		A943CD4824272AC30029B6B3 /* Colors.swift in Sources */ = {isa = PBXBuildFile; fileRef = A943CD4724272AC30029B6B3 /* Colors.swift */; };
		A9E740FF2427BF7A00C18748 /* UIFont+CustomFont.swift in Sources */ = {isa = PBXBuildFile; fileRef = A9E740FE2427BF7A00C18748 /* UIFont+CustomFont.swift */; };
		F35BD312BABAA091EC4A33CE /* Pods_gt_first.framework in Frameworks */ = {isa = PBXBuildFile; fileRef = C7D168D0D1AE28EFCD56B461 /* Pods_gt_first.framework */; };
/* End PBXBuildFile section */

/* Begin PBXFileReference section */
		57AADA9CB56A55BAB16041D1 /* Pods-gt-first.release.xcconfig */ = {isa = PBXFileReference; includeInIndex = 1; lastKnownFileType = text.xcconfig; name = "Pods-gt-first.release.xcconfig"; path = "Target Support Files/Pods-gt-first/Pods-gt-first.release.xcconfig"; sourceTree = "<group>"; };
		92A12A19CE697800430E0ACD /* Pods-gt-first.debug.xcconfig */ = {isa = PBXFileReference; includeInIndex = 1; lastKnownFileType = text.xcconfig; name = "Pods-gt-first.debug.xcconfig"; path = "Target Support Files/Pods-gt-first/Pods-gt-first.debug.xcconfig"; sourceTree = "<group>"; };
		A943CD0A24270AD90029B6B3 /* gt-first.app */ = {isa = PBXFileReference; explicitFileType = wrapper.application; includeInIndex = 0; path = "gt-first.app"; sourceTree = BUILT_PRODUCTS_DIR; };
		A943CD0D24270AD90029B6B3 /* AppDelegate.swift */ = {isa = PBXFileReference; lastKnownFileType = sourcecode.swift; path = AppDelegate.swift; sourceTree = "<group>"; };
		A943CD1124270AD90029B6B3 /* ViewController.swift */ = {isa = PBXFileReference; lastKnownFileType = sourcecode.swift; path = ViewController.swift; sourceTree = "<group>"; };
		A943CD1424270AD90029B6B3 /* Base */ = {isa = PBXFileReference; lastKnownFileType = file.storyboard; name = Base; path = Base.lproj/Main.storyboard; sourceTree = "<group>"; };
		A943CD1624270ADC0029B6B3 /* Assets.xcassets */ = {isa = PBXFileReference; lastKnownFileType = folder.assetcatalog; path = Assets.xcassets; sourceTree = "<group>"; };
		A943CD1924270ADC0029B6B3 /* Base */ = {isa = PBXFileReference; lastKnownFileType = file.storyboard; name = Base; path = Base.lproj/LaunchScreen.storyboard; sourceTree = "<group>"; };
		A943CD1B24270ADC0029B6B3 /* Info.plist */ = {isa = PBXFileReference; lastKnownFileType = text.plist.xml; path = Info.plist; sourceTree = "<group>"; };
		A943CD2C242727050029B6B3 /* es-419 */ = {isa = PBXFileReference; lastKnownFileType = text.plist.strings; name = "es-419"; path = "es-419.lproj/LaunchScreen.strings"; sourceTree = "<group>"; };
		A943CD2D242727050029B6B3 /* es-419 */ = {isa = PBXFileReference; lastKnownFileType = text.plist.strings; name = "es-419"; path = "es-419.lproj/Main.strings"; sourceTree = "<group>"; };
		A943CD31242727B30029B6B3 /* es-419 */ = {isa = PBXFileReference; lastKnownFileType = text.plist.strings; name = "es-419"; path = "es-419.lproj/Localizable.strings"; sourceTree = "<group>"; };
		A943CD33242727B80029B6B3 /* en */ = {isa = PBXFileReference; lastKnownFileType = text.plist.strings; name = en; path = en.lproj/Localizable.strings; sourceTree = "<group>"; };
		A943CD35242728030029B6B3 /* en */ = {isa = PBXFileReference; lastKnownFileType = text.plist.strings; name = en; path = en.lproj/Main.strings; sourceTree = "<group>"; };
		A943CD3B2427288F0029B6B3 /* es-419 */ = {isa = PBXFileReference; lastKnownFileType = text.plist.strings; name = "es-419"; path = "es-419.lproj/InfoPlist.strings"; sourceTree = "<group>"; };
		A943CD3D242728920029B6B3 /* en */ = {isa = PBXFileReference; lastKnownFileType = text.plist.strings; name = en; path = en.lproj/InfoPlist.strings; sourceTree = "<group>"; };
		A943CD3F242728FF0029B6B3 /* String+Localized.swift */ = {isa = PBXFileReference; lastKnownFileType = sourcecode.swift; path = "String+Localized.swift"; sourceTree = "<group>"; };
		A943CD43242729720029B6B3 /* EmergencyContactModel.swift */ = {isa = PBXFileReference; lastKnownFileType = sourcecode.swift; path = EmergencyContactModel.swift; sourceTree = "<group>"; };
		A943CD4524272A320029B6B3 /* Colors.xcassets */ = {isa = PBXFileReference; lastKnownFileType = folder.assetcatalog; path = Colors.xcassets; sourceTree = "<group>"; };
		A943CD4724272AC30029B6B3 /* Colors.swift */ = {isa = PBXFileReference; lastKnownFileType = sourcecode.swift; path = Colors.swift; sourceTree = "<group>"; };
		A9E740FE2427BF7A00C18748 /* UIFont+CustomFont.swift */ = {isa = PBXFileReference; lastKnownFileType = sourcecode.swift; path = "UIFont+CustomFont.swift"; sourceTree = "<group>"; };
		C7D168D0D1AE28EFCD56B461 /* Pods_gt_first.framework */ = {isa = PBXFileReference; explicitFileType = wrapper.framework; includeInIndex = 0; path = Pods_gt_first.framework; sourceTree = BUILT_PRODUCTS_DIR; };
/* End PBXFileReference section */

/* Begin PBXFrameworksBuildPhase section */
		A943CD0724270AD90029B6B3 /* Frameworks */ = {
			isa = PBXFrameworksBuildPhase;
			buildActionMask = 2147483647;
			files = (
				F35BD312BABAA091EC4A33CE /* Pods_gt_first.framework in Frameworks */,
			);
			runOnlyForDeploymentPostprocessing = 0;
		};
/* End PBXFrameworksBuildPhase section */

/* Begin PBXGroup section */
		A943CD0124270AD90029B6B3 = {
			isa = PBXGroup;
			children = (
				A943CD0C24270AD90029B6B3 /* gt-first */,
				A943CD0B24270AD90029B6B3 /* Products */,
				F33BFC1A30D23563A5AB9C83 /* Pods */,
				DC80EBF052EC6746B7CA7B7C /* Frameworks */,
			);
			sourceTree = "<group>";
		};
		A943CD0B24270AD90029B6B3 /* Products */ = {
			isa = PBXGroup;
			children = (
				A943CD0A24270AD90029B6B3 /* gt-first.app */,
			);
			name = Products;
			sourceTree = "<group>";
		};
		A943CD0C24270AD90029B6B3 /* gt-first */ = {
			isa = PBXGroup;
			children = (
				A943CD2224270B220029B6B3 /* Resources */,
				A943CD2324270B2A0029B6B3 /* Source */,
				A943CD2124270B170029B6B3 /* SupportingFiles */,
			);
			path = "gt-first";
			sourceTree = "<group>";
		};
		A943CD2124270B170029B6B3 /* SupportingFiles */ = {
			isa = PBXGroup;
			children = (
				A943CD1B24270ADC0029B6B3 /* Info.plist */,
			);
			path = SupportingFiles;
			sourceTree = "<group>";
		};
		A943CD2224270B220029B6B3 /* Resources */ = {
			isa = PBXGroup;
			children = (
				A943CD1624270ADC0029B6B3 /* Assets.xcassets */,
				A943CD4524272A320029B6B3 /* Colors.xcassets */,
				A943CD2424270B590029B6B3 /* Interface */,
				A943CD2B242726860029B6B3 /* Localization */,
			);
			path = Resources;
			sourceTree = "<group>";
		};
		A943CD2324270B2A0029B6B3 /* Source */ = {
			isa = PBXGroup;
			children = (
				A943CD2524270BF70029B6B3 /* AppDelegate */,
				A943CD3E242728E10029B6B3 /* Helpers */,
				A943CD41242729380029B6B3 /* Models */,
				A943CD262427258C0029B6B3 /* Scenes */,
			);
			path = Source;
			sourceTree = "<group>";
		};
		A943CD2424270B590029B6B3 /* Interface */ = {
			isa = PBXGroup;
			children = (
				A943CD1824270ADC0029B6B3 /* LaunchScreen.storyboard */,
				A943CD1324270AD90029B6B3 /* Main.storyboard */,
			);
			path = Interface;
			sourceTree = "<group>";
		};
		A943CD2524270BF70029B6B3 /* AppDelegate */ = {
			isa = PBXGroup;
			children = (
				A943CD0D24270AD90029B6B3 /* AppDelegate.swift */,
			);
			path = AppDelegate;
			sourceTree = "<group>";
		};
		A943CD262427258C0029B6B3 /* Scenes */ = {
			isa = PBXGroup;
			children = (
				A943CD1124270AD90029B6B3 /* ViewController.swift */,
			);
			path = Scenes;
			sourceTree = "<group>";
		};
		A943CD2B242726860029B6B3 /* Localization */ = {
			isa = PBXGroup;
			children = (
				A943CD32242727B30029B6B3 /* Localizable.strings */,
				A943CD3C2427288F0029B6B3 /* InfoPlist.strings */,
			);
			path = Localization;
			sourceTree = "<group>";
		};
		A943CD3E242728E10029B6B3 /* Helpers */ = {
			isa = PBXGroup;
			children = (
				A943CD4724272AC30029B6B3 /* Colors.swift */,
				A9E740FD2427BF2E00C18748 /* Extensions */,
			);
			path = Helpers;
			sourceTree = "<group>";
		};
		A943CD41242729380029B6B3 /* Models */ = {
			isa = PBXGroup;
			children = (
				A943CD42242729570029B6B3 /* EmergencyContact */,
			);
			path = Models;
			sourceTree = "<group>";
		};
		A943CD42242729570029B6B3 /* EmergencyContact */ = {
			isa = PBXGroup;
			children = (
				A943CD43242729720029B6B3 /* EmergencyContactModel.swift */,
			);
			path = EmergencyContact;
			sourceTree = "<group>";
		};
		A9E740FD2427BF2E00C18748 /* Extensions */ = {
			isa = PBXGroup;
			children = (
				A943CD3F242728FF0029B6B3 /* String+Localized.swift */,
				A9E740FE2427BF7A00C18748 /* UIFont+CustomFont.swift */,
			);
			path = Extensions;
			sourceTree = "<group>";
		};
		DC80EBF052EC6746B7CA7B7C /* Frameworks */ = {
			isa = PBXGroup;
			children = (
				C7D168D0D1AE28EFCD56B461 /* Pods_gt_first.framework */,
			);
			name = Frameworks;
			sourceTree = "<group>";
		};
		F33BFC1A30D23563A5AB9C83 /* Pods */ = {
			isa = PBXGroup;
			children = (
				92A12A19CE697800430E0ACD /* Pods-gt-first.debug.xcconfig */,
				57AADA9CB56A55BAB16041D1 /* Pods-gt-first.release.xcconfig */,
			);
			path = Pods;
			sourceTree = "<group>";
		};
/* End PBXGroup section */

/* Begin PBXNativeTarget section */
		A943CD0924270AD90029B6B3 /* gt-first */ = {
			isa = PBXNativeTarget;
			buildConfigurationList = A943CD1E24270ADC0029B6B3 /* Build configuration list for PBXNativeTarget "gt-first" */;
			buildPhases = (
				39DC0AC21989CBFF9A1C7B39 /* [CP] Check Pods Manifest.lock */,
				A943CD0624270AD90029B6B3 /* Sources */,
				A943CD0724270AD90029B6B3 /* Frameworks */,
				A943CD0824270AD90029B6B3 /* Resources */,
				4F430399A1BDE9B6A2CE147E /* [CP] Embed Pods Frameworks */,
			);
			buildRules = (
			);
			dependencies = (
			);
			name = "gt-first";
			productName = "gt-first";
			productReference = A943CD0A24270AD90029B6B3 /* gt-first.app */;
			productType = "com.apple.product-type.application";
		};
/* End PBXNativeTarget section */

/* Begin PBXProject section */
		A943CD0224270AD90029B6B3 /* Project object */ = {
			isa = PBXProject;
			attributes = {
				LastSwiftUpdateCheck = 1130;
				LastUpgradeCheck = 1130;
				ORGANIZATIONNAME = "Erick Pac";
				TargetAttributes = {
					A943CD0924270AD90029B6B3 = {
						CreatedOnToolsVersion = 11.3.1;
					};
				};
			};
			buildConfigurationList = A943CD0524270AD90029B6B3 /* Build configuration list for PBXProject "gt-first" */;
			compatibilityVersion = "Xcode 9.3";
			developmentRegion = en;
			hasScannedForEncodings = 0;
			knownRegions = (
				en,
				Base,
				"es-419",
			);
			mainGroup = A943CD0124270AD90029B6B3;
			productRefGroup = A943CD0B24270AD90029B6B3 /* Products */;
			projectDirPath = "";
			projectRoot = "";
			targets = (
				A943CD0924270AD90029B6B3 /* gt-first */,
			);
		};
/* End PBXProject section */

/* Begin PBXResourcesBuildPhase section */
		A943CD0824270AD90029B6B3 /* Resources */ = {
			isa = PBXResourcesBuildPhase;
			buildActionMask = 2147483647;
			files = (
				A943CD1A24270ADC0029B6B3 /* LaunchScreen.storyboard in Resources */,
				A943CD30242727B30029B6B3 /* Localizable.strings in Resources */,
				A943CD1724270ADC0029B6B3 /* Assets.xcassets in Resources */,
				A943CD4624272A320029B6B3 /* Colors.xcassets in Resources */,
				A943CD1524270AD90029B6B3 /* Main.storyboard in Resources */,
				A943CD3A2427288F0029B6B3 /* InfoPlist.strings in Resources */,
			);
			runOnlyForDeploymentPostprocessing = 0;
		};
/* End PBXResourcesBuildPhase section */

/* Begin PBXShellScriptBuildPhase section */
		39DC0AC21989CBFF9A1C7B39 /* [CP] Check Pods Manifest.lock */ = {
			isa = PBXShellScriptBuildPhase;
			buildActionMask = 2147483647;
			files = (
			);
			inputFileListPaths = (
			);
			inputPaths = (
				"${PODS_PODFILE_DIR_PATH}/Podfile.lock",
				"${PODS_ROOT}/Manifest.lock",
			);
			name = "[CP] Check Pods Manifest.lock";
			outputFileListPaths = (
			);
			outputPaths = (
				"$(DERIVED_FILE_DIR)/Pods-gt-first-checkManifestLockResult.txt",
			);
			runOnlyForDeploymentPostprocessing = 0;
			shellPath = /bin/sh;
			shellScript = "diff \"${PODS_PODFILE_DIR_PATH}/Podfile.lock\" \"${PODS_ROOT}/Manifest.lock\" > /dev/null\nif [ $? != 0 ] ; then\n    # print error to STDERR\n    echo \"error: The sandbox is not in sync with the Podfile.lock. Run 'pod install' or update your CocoaPods installation.\" >&2\n    exit 1\nfi\n# This output is used by Xcode 'outputs' to avoid re-running this script phase.\necho \"SUCCESS\" > \"${SCRIPT_OUTPUT_FILE_0}\"\n";
			showEnvVarsInLog = 0;
		};
		4F430399A1BDE9B6A2CE147E /* [CP] Embed Pods Frameworks */ = {
			isa = PBXShellScriptBuildPhase;
			buildActionMask = 2147483647;
			files = (
			);
			inputFileListPaths = (
				"${PODS_ROOT}/Target Support Files/Pods-gt-first/Pods-gt-first-frameworks-${CONFIGURATION}-input-files.xcfilelist",
			);
			name = "[CP] Embed Pods Frameworks";
			outputFileListPaths = (
				"${PODS_ROOT}/Target Support Files/Pods-gt-first/Pods-gt-first-frameworks-${CONFIGURATION}-output-files.xcfilelist",
			);
			runOnlyForDeploymentPostprocessing = 0;
			shellPath = /bin/sh;
			shellScript = "\"${PODS_ROOT}/Target Support Files/Pods-gt-first/Pods-gt-first-frameworks.sh\"\n";
			showEnvVarsInLog = 0;
		};
/* End PBXShellScriptBuildPhase section */

/* Begin PBXSourcesBuildPhase section */
		A943CD0624270AD90029B6B3 /* Sources */ = {
			isa = PBXSourcesBuildPhase;
			buildActionMask = 2147483647;
			files = (
				A943CD40242728FF0029B6B3 /* String+Localized.swift in Sources */,
				A943CD4824272AC30029B6B3 /* Colors.swift in Sources */,
				A9E740FF2427BF7A00C18748 /* UIFont+CustomFont.swift in Sources */,
				A943CD1224270AD90029B6B3 /* ViewController.swift in Sources */,
				A943CD44242729720029B6B3 /* EmergencyContactModel.swift in Sources */,
				A943CD0E24270AD90029B6B3 /* AppDelegate.swift in Sources */,
			);
			runOnlyForDeploymentPostprocessing = 0;
		};
/* End PBXSourcesBuildPhase section */

/* Begin PBXVariantGroup section */
		A943CD1324270AD90029B6B3 /* Main.storyboard */ = {
			isa = PBXVariantGroup;
			children = (
				A943CD1424270AD90029B6B3 /* Base */,
				A943CD2D242727050029B6B3 /* es-419 */,
				A943CD35242728030029B6B3 /* en */,
			);
			name = Main.storyboard;
			sourceTree = "<group>";
		};
		A943CD1824270ADC0029B6B3 /* LaunchScreen.storyboard */ = {
			isa = PBXVariantGroup;
			children = (
				A943CD1924270ADC0029B6B3 /* Base */,
				A943CD2C242727050029B6B3 /* es-419 */,
			);
			name = LaunchScreen.storyboard;
			sourceTree = "<group>";
		};
		A943CD32242727B30029B6B3 /* Localizable.strings */ = {
			isa = PBXVariantGroup;
			children = (
				A943CD31242727B30029B6B3 /* es-419 */,
				A943CD33242727B80029B6B3 /* en */,
			);
			name = Localizable.strings;
			sourceTree = "<group>";
		};
		A943CD3C2427288F0029B6B3 /* InfoPlist.strings */ = {
			isa = PBXVariantGroup;
			children = (
				A943CD3B2427288F0029B6B3 /* es-419 */,
				A943CD3D242728920029B6B3 /* en */,
			);
			name = InfoPlist.strings;
			sourceTree = "<group>";
		};
/* End PBXVariantGroup section */

/* Begin XCBuildConfiguration section */
		A943CD1C24270ADC0029B6B3 /* Debug */ = {
			isa = XCBuildConfiguration;
			buildSettings = {
				ALWAYS_SEARCH_USER_PATHS = NO;
				CLANG_ANALYZER_LOCALIZABILITY_NONLOCALIZED = YES;
				CLANG_ANALYZER_NONNULL = YES;
				CLANG_ANALYZER_NUMBER_OBJECT_CONVERSION = YES_AGGRESSIVE;
				CLANG_CXX_LANGUAGE_STANDARD = "gnu++14";
				CLANG_CXX_LIBRARY = "libc++";
				CLANG_ENABLE_MODULES = YES;
				CLANG_ENABLE_OBJC_ARC = YES;
				CLANG_ENABLE_OBJC_WEAK = YES;
				CLANG_WARN_BLOCK_CAPTURE_AUTORELEASING = YES;
				CLANG_WARN_BOOL_CONVERSION = YES;
				CLANG_WARN_COMMA = YES;
				CLANG_WARN_CONSTANT_CONVERSION = YES;
				CLANG_WARN_DEPRECATED_OBJC_IMPLEMENTATIONS = YES;
				CLANG_WARN_DIRECT_OBJC_ISA_USAGE = YES_ERROR;
				CLANG_WARN_DOCUMENTATION_COMMENTS = YES;
				CLANG_WARN_EMPTY_BODY = YES;
				CLANG_WARN_ENUM_CONVERSION = YES;
				CLANG_WARN_INFINITE_RECURSION = YES;
				CLANG_WARN_INT_CONVERSION = YES;
				CLANG_WARN_NON_LITERAL_NULL_CONVERSION = YES;
				CLANG_WARN_OBJC_IMPLICIT_RETAIN_SELF = YES;
				CLANG_WARN_OBJC_LITERAL_CONVERSION = YES;
				CLANG_WARN_OBJC_ROOT_CLASS = YES_ERROR;
				CLANG_WARN_RANGE_LOOP_ANALYSIS = YES;
				CLANG_WARN_STRICT_PROTOTYPES = YES;
				CLANG_WARN_SUSPICIOUS_MOVE = YES;
				CLANG_WARN_UNGUARDED_AVAILABILITY = YES_AGGRESSIVE;
				CLANG_WARN_UNREACHABLE_CODE = YES;
				CLANG_WARN__DUPLICATE_METHOD_MATCH = YES;
				COPY_PHASE_STRIP = NO;
				DEBUG_INFORMATION_FORMAT = dwarf;
				ENABLE_STRICT_OBJC_MSGSEND = YES;
				ENABLE_TESTABILITY = YES;
				GCC_C_LANGUAGE_STANDARD = gnu11;
				GCC_DYNAMIC_NO_PIC = NO;
				GCC_NO_COMMON_BLOCKS = YES;
				GCC_OPTIMIZATION_LEVEL = 0;
				GCC_PREPROCESSOR_DEFINITIONS = (
					"DEBUG=1",
					"$(inherited)",
				);
				GCC_WARN_64_TO_32_BIT_CONVERSION = YES;
				GCC_WARN_ABOUT_RETURN_TYPE = YES_ERROR;
				GCC_WARN_UNDECLARED_SELECTOR = YES;
				GCC_WARN_UNINITIALIZED_AUTOS = YES_AGGRESSIVE;
				GCC_WARN_UNUSED_FUNCTION = YES;
				GCC_WARN_UNUSED_VARIABLE = YES;
				IPHONEOS_DEPLOYMENT_TARGET = 11.0;
				MTL_ENABLE_DEBUG_INFO = INCLUDE_SOURCE;
				MTL_FAST_MATH = YES;
				ONLY_ACTIVE_ARCH = YES;
				SDKROOT = iphoneos;
				SWIFT_ACTIVE_COMPILATION_CONDITIONS = DEBUG;
				SWIFT_OPTIMIZATION_LEVEL = "-Onone";
			};
			name = Debug;
		};
		A943CD1D24270ADC0029B6B3 /* Release */ = {
			isa = XCBuildConfiguration;
			buildSettings = {
				ALWAYS_SEARCH_USER_PATHS = NO;
				CLANG_ANALYZER_LOCALIZABILITY_NONLOCALIZED = YES;
				CLANG_ANALYZER_NONNULL = YES;
				CLANG_ANALYZER_NUMBER_OBJECT_CONVERSION = YES_AGGRESSIVE;
				CLANG_CXX_LANGUAGE_STANDARD = "gnu++14";
				CLANG_CXX_LIBRARY = "libc++";
				CLANG_ENABLE_MODULES = YES;
				CLANG_ENABLE_OBJC_ARC = YES;
				CLANG_ENABLE_OBJC_WEAK = YES;
				CLANG_WARN_BLOCK_CAPTURE_AUTORELEASING = YES;
				CLANG_WARN_BOOL_CONVERSION = YES;
				CLANG_WARN_COMMA = YES;
				CLANG_WARN_CONSTANT_CONVERSION = YES;
				CLANG_WARN_DEPRECATED_OBJC_IMPLEMENTATIONS = YES;
				CLANG_WARN_DIRECT_OBJC_ISA_USAGE = YES_ERROR;
				CLANG_WARN_DOCUMENTATION_COMMENTS = YES;
				CLANG_WARN_EMPTY_BODY = YES;
				CLANG_WARN_ENUM_CONVERSION = YES;
				CLANG_WARN_INFINITE_RECURSION = YES;
				CLANG_WARN_INT_CONVERSION = YES;
				CLANG_WARN_NON_LITERAL_NULL_CONVERSION = YES;
				CLANG_WARN_OBJC_IMPLICIT_RETAIN_SELF = YES;
				CLANG_WARN_OBJC_LITERAL_CONVERSION = YES;
				CLANG_WARN_OBJC_ROOT_CLASS = YES_ERROR;
				CLANG_WARN_RANGE_LOOP_ANALYSIS = YES;
				CLANG_WARN_STRICT_PROTOTYPES = YES;
				CLANG_WARN_SUSPICIOUS_MOVE = YES;
				CLANG_WARN_UNGUARDED_AVAILABILITY = YES_AGGRESSIVE;
				CLANG_WARN_UNREACHABLE_CODE = YES;
				CLANG_WARN__DUPLICATE_METHOD_MATCH = YES;
				COPY_PHASE_STRIP = NO;
				DEBUG_INFORMATION_FORMAT = "dwarf-with-dsym";
				ENABLE_NS_ASSERTIONS = NO;
				ENABLE_STRICT_OBJC_MSGSEND = YES;
				GCC_C_LANGUAGE_STANDARD = gnu11;
				GCC_NO_COMMON_BLOCKS = YES;
				GCC_WARN_64_TO_32_BIT_CONVERSION = YES;
				GCC_WARN_ABOUT_RETURN_TYPE = YES_ERROR;
				GCC_WARN_UNDECLARED_SELECTOR = YES;
				GCC_WARN_UNINITIALIZED_AUTOS = YES_AGGRESSIVE;
				GCC_WARN_UNUSED_FUNCTION = YES;
				GCC_WARN_UNUSED_VARIABLE = YES;
				IPHONEOS_DEPLOYMENT_TARGET = 11.0;
				MTL_ENABLE_DEBUG_INFO = NO;
				MTL_FAST_MATH = YES;
				SDKROOT = iphoneos;
				SWIFT_COMPILATION_MODE = wholemodule;
				SWIFT_OPTIMIZATION_LEVEL = "-O";
				VALIDATE_PRODUCT = YES;
			};
			name = Release;
		};
		A943CD1F24270ADC0029B6B3 /* Debug */ = {
			isa = XCBuildConfiguration;
			baseConfigurationReference = 92A12A19CE697800430E0ACD /* Pods-gt-first.debug.xcconfig */;
			buildSettings = {
				ASSETCATALOG_COMPILER_APPICON_NAME = AppIcon;
				CODE_SIGN_STYLE = Automatic;
				INFOPLIST_FILE = "gt-first/SupportingFiles/Info.plist";
				IPHONEOS_DEPLOYMENT_TARGET = 11.0;
				LD_RUNPATH_SEARCH_PATHS = (
					"$(inherited)",
					"@executable_path/Frameworks",
				);
				PRODUCT_BUNDLE_IDENTIFIER = "com.colab.gt-first";
				PRODUCT_NAME = "$(TARGET_NAME)";
				SWIFT_VERSION = 5.0;
				TARGETED_DEVICE_FAMILY = 1;
			};
			name = Debug;
		};
		A943CD2024270ADC0029B6B3 /* Release */ = {
			isa = XCBuildConfiguration;
			baseConfigurationReference = 57AADA9CB56A55BAB16041D1 /* Pods-gt-first.release.xcconfig */;
			buildSettings = {
				ASSETCATALOG_COMPILER_APPICON_NAME = AppIcon;
				CODE_SIGN_STYLE = Automatic;
				INFOPLIST_FILE = "gt-first/SupportingFiles/Info.plist";
				IPHONEOS_DEPLOYMENT_TARGET = 11.0;
				LD_RUNPATH_SEARCH_PATHS = (
					"$(inherited)",
					"@executable_path/Frameworks",
				);
				PRODUCT_BUNDLE_IDENTIFIER = "com.colab.gt-first";
				PRODUCT_NAME = "$(TARGET_NAME)";
				SWIFT_VERSION = 5.0;
				TARGETED_DEVICE_FAMILY = 1;
			};
			name = Release;
		};
/* End XCBuildConfiguration section */

/* Begin XCConfigurationList section */
		A943CD0524270AD90029B6B3 /* Build configuration list for PBXProject "gt-first" */ = {
			isa = XCConfigurationList;
			buildConfigurations = (
				A943CD1C24270ADC0029B6B3 /* Debug */,
				A943CD1D24270ADC0029B6B3 /* Release */,
			);
			defaultConfigurationIsVisible = 0;
			defaultConfigurationName = Release;
		};
		A943CD1E24270ADC0029B6B3 /* Build configuration list for PBXNativeTarget "gt-first" */ = {
			isa = XCConfigurationList;
			buildConfigurations = (
				A943CD1F24270ADC0029B6B3 /* Debug */,
				A943CD2024270ADC0029B6B3 /* Release */,
			);
			defaultConfigurationIsVisible = 0;
			defaultConfigurationName = Release;
		};
/* End XCConfigurationList section */
	};
	rootObject = A943CD0224270AD90029B6B3 /* Project object */;
}
